// !$*UTF8*$!
{
	archiveVersion = 1;
	classes = {
	};
	objectVersion = 46;
	objects = {

/* Begin PBXAggregateTarget section */
		05C1461A19AAA9B1008AE949 /* planetary_extruder */ = {
			isa = PBXAggregateTarget;
			buildConfigurationList = 05C1461B19AAA9B1008AE949 /* Build configuration list for PBXAggregateTarget "planetary_extruder" */;
			buildPhases = (
				05C1461E19AAA9C8008AE949 /* ShellScript */,
			);
			dependencies = (
			);
			name = planetary_extruder;
			productName = planetary_extruder;
		};
/* End PBXAggregateTarget section */

/* Begin PBXFileReference section */
		05C1460919AAA3C6008AE949 /* extruder.scad */ = {isa = PBXFileReference; lastKnownFileType = text; path = extruder.scad; sourceTree = "<group>"; };
		05C1460A19AAA3C6008AE949 /* planetary_50mm.scad */ = {isa = PBXFileReference; lastKnownFileType = text; path = planetary_50mm.scad; sourceTree = "<group>"; };
		05C1460B19AAA8C6008AE949 /* barbell.scad */ = {isa = PBXFileReference; lastKnownFileType = text; path = barbell.scad; sourceTree = "<group>"; };
		05C1460C19AAA8C6008AE949 /* bearings.scad */ = {isa = PBXFileReference; lastKnownFileType = text; path = bearings.scad; sourceTree = "<group>"; };
		05C1460D19AAA8C6008AE949 /* configuration.scad */ = {isa = PBXFileReference; lastKnownFileType = text; path = configuration.scad; sourceTree = "<group>"; };
		05C1460E19AAA8C6008AE949 /* drive_wheels.scad */ = {isa = PBXFileReference; lastKnownFileType = text; path = drive_wheels.scad; sourceTree = "<group>"; };
		05C1461019AAA8C6008AE949 /* functions.scad */ = {isa = PBXFileReference; lastKnownFileType = text; path = functions.scad; sourceTree = "<group>"; };
		05C1461119AAA8C6008AE949 /* gears.scad */ = {isa = PBXFileReference; lastKnownFileType = text; path = gears.scad; sourceTree = "<group>"; };
		05C1461219AAA8C6008AE949 /* more_configuration.scad */ = {isa = PBXFileReference; lastKnownFileType = text; path = more_configuration.scad; sourceTree = "<group>"; };
		05C1461419AAA8C6008AE949 /* teardrops.scad */ = {isa = PBXFileReference; lastKnownFileType = text; path = teardrops.scad; sourceTree = "<group>"; };
		05C1461519AAA8C6008AE949 /* vitamin.scad */ = {isa = PBXFileReference; lastKnownFileType = text; path = vitamin.scad; sourceTree = "<group>"; };
		05C1462019AAB7DA008AE949 /* planetary_50mm.stl */ = {isa = PBXFileReference; lastKnownFileType = text; path = planetary_50mm.stl; sourceTree = "<group>"; };
/* End PBXFileReference section */

/* Begin PBXGroup section */
		05C1460219AAA398008AE949 = {
			isa = PBXGroup;
			children = (
				05C1460A19AAA3C6008AE949 /* planetary_50mm.scad */,
				05C1460919AAA3C6008AE949 /* extruder.scad */,
				05C1460B19AAA8C6008AE949 /* barbell.scad */,
				05C1460C19AAA8C6008AE949 /* bearings.scad */,
				05C1460D19AAA8C6008AE949 /* configuration.scad */,
				05C1460E19AAA8C6008AE949 /* drive_wheels.scad */,
				05C1461019AAA8C6008AE949 /* functions.scad */,
				05C1461119AAA8C6008AE949 /* gears.scad */,
				05C1461219AAA8C6008AE949 /* more_configuration.scad */,
				05C1461419AAA8C6008AE949 /* teardrops.scad */,
				05C1461519AAA8C6008AE949 /* vitamin.scad */,
				05C1462019AAB7DA008AE949 /* planetary_50mm.stl */,
			);
			sourceTree = "<group>";
		};
/* End PBXGroup section */

/* Begin PBXProject section */
		05C1460319AAA398008AE949 /* Project object */ = {
			isa = PBXProject;
			attributes = {
				LastUpgradeCheck = 0510;
			};
			buildConfigurationList = 05C1460619AAA398008AE949 /* Build configuration list for PBXProject "planetary_extruder" */;
			compatibilityVersion = "Xcode 3.2";
			developmentRegion = English;
			hasScannedForEncodings = 0;
			knownRegions = (
				en,
			);
			mainGroup = 05C1460219AAA398008AE949;
			projectDirPath = "";
			projectRoot = "";
			targets = (
				05C1461A19AAA9B1008AE949 /* planetary_extruder */,
			);
		};
/* End PBXProject section */

/* Begin PBXShellScriptBuildPhase section */
		05C1461E19AAA9C8008AE949 /* ShellScript */ = {
			isa = PBXShellScriptBuildPhase;
			buildActionMask = 2147483647;
			files = (
			);
			inputPaths = (
			);
			outputPaths = (
			);
			runOnlyForDeploymentPostprocessing = 0;
			shellPath = /bin/sh;
			shellScript = "/Applications/OpenSCAD.app/Contents/MacOS/OpenSCAD -o planetary_50mm.stl planetary_50mm.scad\n";
		};
/* End PBXShellScriptBuildPhase section */

/* Begin XCBuildConfiguration section */
		05C1460719AAA398008AE949 /* Debug */ = {
			isa = XCBuildConfiguration;
			buildSettings = {
			};
			name = Debug;
		};
		05C1460819AAA398008AE949 /* Release */ = {
			isa = XCBuildConfiguration;
			buildSettings = {
			};
			name = Release;
		};
		05C1461C19AAA9B1008AE949 /* Debug */ = {
			isa = XCBuildConfiguration;
			buildSettings = {
				PRODUCT_NAME = "$(TARGET_NAME)";
			};
			name = Debug;
		};
		05C1461D19AAA9B1008AE949 /* Release */ = {
			isa = XCBuildConfiguration;
			buildSettings = {
				PRODUCT_NAME = "$(TARGET_NAME)";
			};
			name = Release;
		};
/* End XCBuildConfiguration section */

/* Begin XCConfigurationList section */
		05C1460619AAA398008AE949 /* Build configuration list for PBXProject "planetary_extruder" */ = {
			isa = XCConfigurationList;
			buildConfigurations = (
				05C1460719AAA398008AE949 /* Debug */,
				05C1460819AAA398008AE949 /* Release */,
			);
			defaultConfigurationIsVisible = 0;
			defaultConfigurationName = Release;
		};
		05C1461B19AAA9B1008AE949 /* Build configuration list for PBXAggregateTarget "planetary_extruder" */ = {
			isa = XCConfigurationList;
			buildConfigurations = (
				05C1461C19AAA9B1008AE949 /* Debug */,
				05C1461D19AAA9B1008AE949 /* Release */,
			);
			defaultConfigurationIsVisible = 0;
		};
/* End XCConfigurationList section */
	};
	rootObject = 05C1460319AAA398008AE949 /* Project object */;
}
